
Microsoft Visual Studio Solution File, Format Version 12.00
# Visual Studio Version 17
VisualStudioVersion = 17.5.33424.131
MinimumVisualStudioVersion = 10.0.40219.1
Project("{8BC9CEB8-8B4A-11D0-8D11-00A0C91BC942}") = "封装设计", "封装设计\封装设计.vcxproj", "{134E813A-2CA3-4767-AB94-59239CEE2D83}"
EndProject
Project("{8BC9CEB8-8B4A-11D0-8D11-00A0C91BC942}") = "别名", "别名\别名.vcxproj", "{9802B4BE-3B1D-4C93-9F96-3F88F84990FD}"
EndProject
Project("{8BC9CEB8-8B4A-11D0-8D11-00A0C91BC942}") = "万能指针", "万能指针\万能指针.vcxproj", "{1CE23333-35BB-4034-8CD1-07AB29E4042C}"
EndProject
Project("{8BC9CEB8-8B4A-11D0-8D11-00A0C91BC942}") = "不同类型的运算", "不同类型的运算\不同类型的运算.vcxproj", "{20B3CDA4-14CC-40D1-90A1-12DF62823D7C}"
EndProject
Project("{8BC9CEB8-8B4A-11D0-8D11-00A0C91BC942}") = "修改变量", "修改变量\修改变量.vcxproj", "{7067E207-D998-4997-972E-EAE25264198D}"
EndProject
Project("{8BC9CEB8-8B4A-11D0-8D11-00A0C91BC942}") = "stack区", "stack区\stack区.vcxproj", "{9A04B426-AC11-4700-85B9-18B2F115A353}"
EndProject
Project("{8BC9CEB8-8B4A-11D0-8D11-00A0C91BC942}") = "heap区", "heap区\heap区.vcxproj", "{D76161B7-B215-46FF-A0A3-E1CAC5BD560E}"
EndProject
Project("{8BC9CEB8-8B4A-11D0-8D11-00A0C91BC942}") = "常量区", "常量区\常量区.vcxproj", "{61009C0C-FE50-4BAC-AE5D-39148542769A}"
EndProject
Project("{8BC9CEB8-8B4A-11D0-8D11-00A0C91BC942}") = "函数调用模型", "函数调用模型\函数调用模型.vcxproj", "{D4E10AAA-3DEE-4A6E-A292-031B991A449D}"
EndProject
Project("{8BC9CEB8-8B4A-11D0-8D11-00A0C91BC942}") = "栈生长方向与内存存放方向", "栈生长方向与内存存放方向\栈生长方向与内存存放方向.vcxproj", "{E5D3694A-E4D7-4571-BE1C-E195D3AC6D5E}"
EndProject
Project("{8BC9CEB8-8B4A-11D0-8D11-00A0C91BC942}") = "指针变量", "指针变量\指针变量.vcxproj", "{1EB1C49C-90E1-4E5C-B94D-52FA2CCEAE63}"
EndProject
Project("{8BC9CEB8-8B4A-11D0-8D11-00A0C91BC942}") = "解引用", "解引用\解引用.vcxproj", "{F68FBAB2-6D7C-4B3D-82F2-3A0D693135D2}"
EndProject
Project("{8BC9CEB8-8B4A-11D0-8D11-00A0C91BC942}") = "步长", "步长\步长.vcxproj", "{0D8DA237-A0A5-4D2A-9BC4-B2AD67F37C4B}"
EndProject
Project("{8BC9CEB8-8B4A-11D0-8D11-00A0C91BC942}") = "间接赋值的推论", "间接赋值的推论\间接赋值的推论.vcxproj", "{4D5C263B-3AC8-4889-B50B-94199E9A6CBF}"
EndProject
Project("{8BC9CEB8-8B4A-11D0-8D11-00A0C91BC942}") = "输入输出特性", "输入输出特性\输入输出特性.vcxproj", "{5A61838E-A4BA-44DA-BC8B-56362B06854B}"
EndProject
Project("{8BC9CEB8-8B4A-11D0-8D11-00A0C91BC942}") = "字符串指针作为函数参数", "字符串指针作为函数参数\字符串指针作为函数参数.vcxproj", "{795E6118-FCF7-4966-A188-46027FCAB0B3}"
EndProject
Project("{8BC9CEB8-8B4A-11D0-8D11-00A0C91BC942}") = "字符串拷贝", "字符串拷贝\字符串拷贝.vcxproj", "{D3551B3B-B8F5-4096-856D-8FFB6A762CE1}"
EndProject
Project("{8BC9CEB8-8B4A-11D0-8D11-00A0C91BC942}") = "字符串反转模型", "字符串反转模型\字符串反转模型.vcxproj", "{64C2782A-77A0-4D1B-9EEA-33CD2E6320DD}"
EndProject
Project("{8BC9CEB8-8B4A-11D0-8D11-00A0C91BC942}") = "字符串格式化", "字符串格式化\字符串格式化.vcxproj", "{9ABC1C98-B27D-4777-9C31-24B1DF4F7648}"
EndProject
Project("{8BC9CEB8-8B4A-11D0-8D11-00A0C91BC942}") = "字符串格式化小练习", "字符串格式化小练习\字符串格式化小练习.vcxproj", "{2CF145F0-C2BA-4AD4-B070-7F23DBF93560}"
EndProject
Project("{8BC9CEB8-8B4A-11D0-8D11-00A0C91BC942}") = "查找字符串", "查找字符串\查找字符串.vcxproj", "{7500CD98-C2D0-4E04-B52D-89A3CE9816B4}"
EndProject
Project("{8BC9CEB8-8B4A-11D0-8D11-00A0C91BC942}") = "free的使用", "free的使用\free的使用.vcxproj", "{A3F1ED07-5471-4FCC-89A2-48C4EC81276E}"
EndProject
Project("{8BC9CEB8-8B4A-11D0-8D11-00A0C91BC942}") = "const的使用", "const的使用\const的使用.vcxproj", "{F8049639-E571-484A-AEC0-6164A06878A7}"
EndProject
Project("{8BC9CEB8-8B4A-11D0-8D11-00A0C91BC942}") = "二级指针做形参输入特性", "二级指针做形参输入特性\二级指针做形参输入特性.vcxproj", "{665D7AFB-3138-44C0-A149-D28B7101AA36}"
EndProject
Project("{8BC9CEB8-8B4A-11D0-8D11-00A0C91BC942}") = "二级指针的输出特性", "二级指针的输出特性\二级指针的输出特性.vcxproj", "{1BFBC584-8300-47F3-BA8B-1B5A25E9945B}"
EndProject
Project("{8BC9CEB8-8B4A-11D0-8D11-00A0C91BC942}") = "位逻辑运算符", "位逻辑运算符\位逻辑运算符.vcxproj", "{1C077893-02DC-4657-AC7B-A7A7C3D52A99}"
EndProject
Project("{8BC9CEB8-8B4A-11D0-8D11-00A0C91BC942}") = "位逻辑运算用途", "位逻辑运算用途\位逻辑运算用途.vcxproj", "{40D1224B-139A-4202-8499-EF200FFB851F}"
EndProject
Project("{8BC9CEB8-8B4A-11D0-8D11-00A0C91BC942}") = "移动运算符", "移动运算符\移动运算符.vcxproj", "{1E71EAE3-568A-49A2-AC41-63F3BA0DE6F6}"
EndProject
Project("{8BC9CEB8-8B4A-11D0-8D11-00A0C91BC942}") = "一维数组", "一维数组\一维数组.vcxproj", "{F4CBD761-C4E9-4C0C-94CE-F8E64465DAB5}"
EndProject
Project("{8BC9CEB8-8B4A-11D0-8D11-00A0C91BC942}") = "多维数组", "多维数组\多维数组.vcxproj", "{27DA80F3-C00E-409B-80A0-E13C03DF028A}"
EndProject
Project("{8BC9CEB8-8B4A-11D0-8D11-00A0C91BC942}") = "数组指针", "数组指针\数组指针.vcxproj", "{8EBDF611-6E5B-4F66-AA18-B40A70036FC4}"
EndProject
Project("{8BC9CEB8-8B4A-11D0-8D11-00A0C91BC942}") = "指针数组", "指针数组\指针数组.vcxproj", "{3687636A-3A29-4C4D-89E2-6127EE9B2BEF}"
EndProject
Project("{8BC9CEB8-8B4A-11D0-8D11-00A0C91BC942}") = "二维数组的线性存储特性", "二维数组的线性存储特性\二维数组的线性存储特性.vcxproj", "{D8B250F2-75D2-4A92-8068-6575F1571C4E}"
EndProject
Project("{8BC9CEB8-8B4A-11D0-8D11-00A0C91BC942}") = "数组指针的选择排序", "数组指针的选择排序\数组指针的选择排序.vcxproj", "{763DDBD1-4AE8-4426-B02D-BAC37CBF3EBE}"
EndProject
Project("{8BC9CEB8-8B4A-11D0-8D11-00A0C91BC942}") = "结构体定义", "结构体定义\结构体定义.vcxproj", "{D6124DE4-2106-4F07-85DF-E55C6E5590F1}"
EndProject
Project("{8BC9CEB8-8B4A-11D0-8D11-00A0C91BC942}") = "结构体赋值", "结构体赋值\结构体赋值.vcxproj", "{055AA97E-9788-4004-84F9-DB987F565C0E}"
EndProject
Project("{8BC9CEB8-8B4A-11D0-8D11-00A0C91BC942}") = "深拷贝 and 浅拷贝", "深拷贝 and 浅拷贝\深拷贝 and 浅拷贝.vcxproj", "{15F0A74B-E044-4C85-AB62-1ADD37B77DB4}"
EndProject
Project("{8BC9CEB8-8B4A-11D0-8D11-00A0C91BC942}") = "结构体数组", "结构体数组\结构体数组.vcxproj", "{34EC6255-ADBC-4CDF-9FDD-1634BF2A32F5}"
EndProject
Project("{8BC9CEB8-8B4A-11D0-8D11-00A0C91BC942}") = "结构体嵌套一级指针", "结构体嵌套一级指针\结构体嵌套一级指针.vcxproj", "{6B5424D7-6D2D-401A-B003-B02988D485B8}"
EndProject
Project("{8BC9CEB8-8B4A-11D0-8D11-00A0C91BC942}") = "结构体嵌套二级指针", "结构体嵌套二级指针\结构体嵌套二级指针.vcxproj", "{A7082DDB-D6F3-4770-82A3-F79188730C35}"
EndProject
Project("{8BC9CEB8-8B4A-11D0-8D11-00A0C91BC942}") = "结构体成员偏移量", "结构体成员偏移量\结构体成员偏移量.vcxproj", "{4800E9D7-EECE-4226-B601-34F389A44447}"
EndProject
Project("{8BC9CEB8-8B4A-11D0-8D11-00A0C91BC942}") = "内存对齐", "内存对齐\内存对齐.vcxproj", "{B432768F-5E2D-489C-979A-0ED794EFDA2D}"
EndProject
Global
	GlobalSection(SolutionConfigurationPlatforms) = preSolution
		Debug|x64 = Debug|x64
		Debug|x86 = Debug|x86
		Release|x64 = Release|x64
		Release|x86 = Release|x86
	EndGlobalSection
	GlobalSection(ProjectConfigurationPlatforms) = postSolution
		{134E813A-2CA3-4767-AB94-59239CEE2D83}.Debug|x64.ActiveCfg = Debug|x64
		{134E813A-2CA3-4767-AB94-59239CEE2D83}.Debug|x64.Build.0 = Debug|x64
		{134E813A-2CA3-4767-AB94-59239CEE2D83}.Debug|x86.ActiveCfg = Debug|Win32
		{134E813A-2CA3-4767-AB94-59239CEE2D83}.Debug|x86.Build.0 = Debug|Win32
		{134E813A-2CA3-4767-AB94-59239CEE2D83}.Release|x64.ActiveCfg = Release|x64
		{134E813A-2CA3-4767-AB94-59239CEE2D83}.Release|x64.Build.0 = Release|x64
		{134E813A-2CA3-4767-AB94-59239CEE2D83}.Release|x86.ActiveCfg = Release|Win32
		{134E813A-2CA3-4767-AB94-59239CEE2D83}.Release|x86.Build.0 = Release|Win32
		{9802B4BE-3B1D-4C93-9F96-3F88F84990FD}.Debug|x64.ActiveCfg = Debug|x64
		{9802B4BE-3B1D-4C93-9F96-3F88F84990FD}.Debug|x64.Build.0 = Debug|x64
		{9802B4BE-3B1D-4C93-9F96-3F88F84990FD}.Debug|x86.ActiveCfg = Debug|Win32
		{9802B4BE-3B1D-4C93-9F96-3F88F84990FD}.Debug|x86.Build.0 = Debug|Win32
		{9802B4BE-3B1D-4C93-9F96-3F88F84990FD}.Release|x64.ActiveCfg = Release|x64
		{9802B4BE-3B1D-4C93-9F96-3F88F84990FD}.Release|x64.Build.0 = Release|x64
		{9802B4BE-3B1D-4C93-9F96-3F88F84990FD}.Release|x86.ActiveCfg = Release|Win32
		{9802B4BE-3B1D-4C93-9F96-3F88F84990FD}.Release|x86.Build.0 = Release|Win32
		{1CE23333-35BB-4034-8CD1-07AB29E4042C}.Debug|x64.ActiveCfg = Debug|x64
		{1CE23333-35BB-4034-8CD1-07AB29E4042C}.Debug|x64.Build.0 = Debug|x64
		{1CE23333-35BB-4034-8CD1-07AB29E4042C}.Debug|x86.ActiveCfg = Debug|Win32
		{1CE23333-35BB-4034-8CD1-07AB29E4042C}.Debug|x86.Build.0 = Debug|Win32
		{1CE23333-35BB-4034-8CD1-07AB29E4042C}.Release|x64.ActiveCfg = Release|x64
		{1CE23333-35BB-4034-8CD1-07AB29E4042C}.Release|x64.Build.0 = Release|x64
		{1CE23333-35BB-4034-8CD1-07AB29E4042C}.Release|x86.ActiveCfg = Release|Win32
		{1CE23333-35BB-4034-8CD1-07AB29E4042C}.Release|x86.Build.0 = Release|Win32
		{20B3CDA4-14CC-40D1-90A1-12DF62823D7C}.Debug|x64.ActiveCfg = Debug|x64
		{20B3CDA4-14CC-40D1-90A1-12DF62823D7C}.Debug|x64.Build.0 = Debug|x64
		{20B3CDA4-14CC-40D1-90A1-12DF62823D7C}.Debug|x86.ActiveCfg = Debug|Win32
		{20B3CDA4-14CC-40D1-90A1-12DF62823D7C}.Debug|x86.Build.0 = Debug|Win32
		{20B3CDA4-14CC-40D1-90A1-12DF62823D7C}.Release|x64.ActiveCfg = Release|x64
		{20B3CDA4-14CC-40D1-90A1-12DF62823D7C}.Release|x64.Build.0 = Release|x64
		{20B3CDA4-14CC-40D1-90A1-12DF62823D7C}.Release|x86.ActiveCfg = Release|Win32
		{20B3CDA4-14CC-40D1-90A1-12DF62823D7C}.Release|x86.Build.0 = Release|Win32
		{7067E207-D998-4997-972E-EAE25264198D}.Debug|x64.ActiveCfg = Debug|x64
		{7067E207-D998-4997-972E-EAE25264198D}.Debug|x64.Build.0 = Debug|x64
		{7067E207-D998-4997-972E-EAE25264198D}.Debug|x86.ActiveCfg = Debug|Win32
		{7067E207-D998-4997-972E-EAE25264198D}.Debug|x86.Build.0 = Debug|Win32
		{7067E207-D998-4997-972E-EAE25264198D}.Release|x64.ActiveCfg = Release|x64
		{7067E207-D998-4997-972E-EAE25264198D}.Release|x64.Build.0 = Release|x64
		{7067E207-D998-4997-972E-EAE25264198D}.Release|x86.ActiveCfg = Release|Win32
		{7067E207-D998-4997-972E-EAE25264198D}.Release|x86.Build.0 = Release|Win32
		{9A04B426-AC11-4700-85B9-18B2F115A353}.Debug|x64.ActiveCfg = Debug|x64
		{9A04B426-AC11-4700-85B9-18B2F115A353}.Debug|x64.Build.0 = Debug|x64
		{9A04B426-AC11-4700-85B9-18B2F115A353}.Debug|x86.ActiveCfg = Debug|Win32
		{9A04B426-AC11-4700-85B9-18B2F115A353}.Debug|x86.Build.0 = Debug|Win32
		{9A04B426-AC11-4700-85B9-18B2F115A353}.Release|x64.ActiveCfg = Release|x64
		{9A04B426-AC11-4700-85B9-18B2F115A353}.Release|x64.Build.0 = Release|x64
		{9A04B426-AC11-4700-85B9-18B2F115A353}.Release|x86.ActiveCfg = Release|Win32
		{9A04B426-AC11-4700-85B9-18B2F115A353}.Release|x86.Build.0 = Release|Win32
		{D76161B7-B215-46FF-A0A3-E1CAC5BD560E}.Debug|x64.ActiveCfg = Debug|x64
		{D76161B7-B215-46FF-A0A3-E1CAC5BD560E}.Debug|x64.Build.0 = Debug|x64
		{D76161B7-B215-46FF-A0A3-E1CAC5BD560E}.Debug|x86.ActiveCfg = Debug|Win32
		{D76161B7-B215-46FF-A0A3-E1CAC5BD560E}.Debug|x86.Build.0 = Debug|Win32
		{D76161B7-B215-46FF-A0A3-E1CAC5BD560E}.Release|x64.ActiveCfg = Release|x64
		{D76161B7-B215-46FF-A0A3-E1CAC5BD560E}.Release|x64.Build.0 = Release|x64
		{D76161B7-B215-46FF-A0A3-E1CAC5BD560E}.Release|x86.ActiveCfg = Release|Win32
		{D76161B7-B215-46FF-A0A3-E1CAC5BD560E}.Release|x86.Build.0 = Release|Win32
		{61009C0C-FE50-4BAC-AE5D-39148542769A}.Debug|x64.ActiveCfg = Debug|x64
		{61009C0C-FE50-4BAC-AE5D-39148542769A}.Debug|x64.Build.0 = Debug|x64
		{61009C0C-FE50-4BAC-AE5D-39148542769A}.Debug|x86.ActiveCfg = Debug|Win32
		{61009C0C-FE50-4BAC-AE5D-39148542769A}.Debug|x86.Build.0 = Debug|Win32
		{61009C0C-FE50-4BAC-AE5D-39148542769A}.Release|x64.ActiveCfg = Release|x64
		{61009C0C-FE50-4BAC-AE5D-39148542769A}.Release|x64.Build.0 = Release|x64
		{61009C0C-FE50-4BAC-AE5D-39148542769A}.Release|x86.ActiveCfg = Release|Win32
		{61009C0C-FE50-4BAC-AE5D-39148542769A}.Release|x86.Build.0 = Release|Win32
		{D4E10AAA-3DEE-4A6E-A292-031B991A449D}.Debug|x64.ActiveCfg = Debug|x64
		{D4E10AAA-3DEE-4A6E-A292-031B991A449D}.Debug|x64.Build.0 = Debug|x64
		{D4E10AAA-3DEE-4A6E-A292-031B991A449D}.Debug|x86.ActiveCfg = Debug|Win32
		{D4E10AAA-3DEE-4A6E-A292-031B991A449D}.Debug|x86.Build.0 = Debug|Win32
		{D4E10AAA-3DEE-4A6E-A292-031B991A449D}.Release|x64.ActiveCfg = Release|x64
		{D4E10AAA-3DEE-4A6E-A292-031B991A449D}.Release|x64.Build.0 = Release|x64
		{D4E10AAA-3DEE-4A6E-A292-031B991A449D}.Release|x86.ActiveCfg = Release|Win32
		{D4E10AAA-3DEE-4A6E-A292-031B991A449D}.Release|x86.Build.0 = Release|Win32
		{E5D3694A-E4D7-4571-BE1C-E195D3AC6D5E}.Debug|x64.ActiveCfg = Debug|x64
		{E5D3694A-E4D7-4571-BE1C-E195D3AC6D5E}.Debug|x64.Build.0 = Debug|x64
		{E5D3694A-E4D7-4571-BE1C-E195D3AC6D5E}.Debug|x86.ActiveCfg = Debug|Win32
		{E5D3694A-E4D7-4571-BE1C-E195D3AC6D5E}.Debug|x86.Build.0 = Debug|Win32
		{E5D3694A-E4D7-4571-BE1C-E195D3AC6D5E}.Release|x64.ActiveCfg = Release|x64
		{E5D3694A-E4D7-4571-BE1C-E195D3AC6D5E}.Release|x64.Build.0 = Release|x64
		{E5D3694A-E4D7-4571-BE1C-E195D3AC6D5E}.Release|x86.ActiveCfg = Release|Win32
		{E5D3694A-E4D7-4571-BE1C-E195D3AC6D5E}.Release|x86.Build.0 = Release|Win32
		{1EB1C49C-90E1-4E5C-B94D-52FA2CCEAE63}.Debug|x64.ActiveCfg = Debug|x64
		{1EB1C49C-90E1-4E5C-B94D-52FA2CCEAE63}.Debug|x64.Build.0 = Debug|x64
		{1EB1C49C-90E1-4E5C-B94D-52FA2CCEAE63}.Debug|x86.ActiveCfg = Debug|Win32
		{1EB1C49C-90E1-4E5C-B94D-52FA2CCEAE63}.Debug|x86.Build.0 = Debug|Win32
		{1EB1C49C-90E1-4E5C-B94D-52FA2CCEAE63}.Release|x64.ActiveCfg = Release|x64
		{1EB1C49C-90E1-4E5C-B94D-52FA2CCEAE63}.Release|x64.Build.0 = Release|x64
		{1EB1C49C-90E1-4E5C-B94D-52FA2CCEAE63}.Release|x86.ActiveCfg = Release|Win32
		{1EB1C49C-90E1-4E5C-B94D-52FA2CCEAE63}.Release|x86.Build.0 = Release|Win32
		{F68FBAB2-6D7C-4B3D-82F2-3A0D693135D2}.Debug|x64.ActiveCfg = Debug|x64
		{F68FBAB2-6D7C-4B3D-82F2-3A0D693135D2}.Debug|x64.Build.0 = Debug|x64
		{F68FBAB2-6D7C-4B3D-82F2-3A0D693135D2}.Debug|x86.ActiveCfg = Debug|Win32
		{F68FBAB2-6D7C-4B3D-82F2-3A0D693135D2}.Debug|x86.Build.0 = Debug|Win32
		{F68FBAB2-6D7C-4B3D-82F2-3A0D693135D2}.Release|x64.ActiveCfg = Release|x64
		{F68FBAB2-6D7C-4B3D-82F2-3A0D693135D2}.Release|x64.Build.0 = Release|x64
		{F68FBAB2-6D7C-4B3D-82F2-3A0D693135D2}.Release|x86.ActiveCfg = Release|Win32
		{F68FBAB2-6D7C-4B3D-82F2-3A0D693135D2}.Release|x86.Build.0 = Release|Win32
		{0D8DA237-A0A5-4D2A-9BC4-B2AD67F37C4B}.Debug|x64.ActiveCfg = Debug|x64
		{0D8DA237-A0A5-4D2A-9BC4-B2AD67F37C4B}.Debug|x64.Build.0 = Debug|x64
		{0D8DA237-A0A5-4D2A-9BC4-B2AD67F37C4B}.Debug|x86.ActiveCfg = Debug|Win32
		{0D8DA237-A0A5-4D2A-9BC4-B2AD67F37C4B}.Debug|x86.Build.0 = Debug|Win32
		{0D8DA237-A0A5-4D2A-9BC4-B2AD67F37C4B}.Release|x64.ActiveCfg = Release|x64
		{0D8DA237-A0A5-4D2A-9BC4-B2AD67F37C4B}.Release|x64.Build.0 = Release|x64
		{0D8DA237-A0A5-4D2A-9BC4-B2AD67F37C4B}.Release|x86.ActiveCfg = Release|Win32
		{0D8DA237-A0A5-4D2A-9BC4-B2AD67F37C4B}.Release|x86.Build.0 = Release|Win32
		{4D5C263B-3AC8-4889-B50B-94199E9A6CBF}.Debug|x64.ActiveCfg = Debug|x64
		{4D5C263B-3AC8-4889-B50B-94199E9A6CBF}.Debug|x64.Build.0 = Debug|x64
		{4D5C263B-3AC8-4889-B50B-94199E9A6CBF}.Debug|x86.ActiveCfg = Debug|Win32
		{4D5C263B-3AC8-4889-B50B-94199E9A6CBF}.Debug|x86.Build.0 = Debug|Win32
		{4D5C263B-3AC8-4889-B50B-94199E9A6CBF}.Release|x64.ActiveCfg = Release|x64
		{4D5C263B-3AC8-4889-B50B-94199E9A6CBF}.Release|x64.Build.0 = Release|x64
		{4D5C263B-3AC8-4889-B50B-94199E9A6CBF}.Release|x86.ActiveCfg = Release|Win32
		{4D5C263B-3AC8-4889-B50B-94199E9A6CBF}.Release|x86.Build.0 = Release|Win32
		{5A61838E-A4BA-44DA-BC8B-56362B06854B}.Debug|x64.ActiveCfg = Debug|x64
		{5A61838E-A4BA-44DA-BC8B-56362B06854B}.Debug|x64.Build.0 = Debug|x64
		{5A61838E-A4BA-44DA-BC8B-56362B06854B}.Debug|x86.ActiveCfg = Debug|Win32
		{5A61838E-A4BA-44DA-BC8B-56362B06854B}.Debug|x86.Build.0 = Debug|Win32
		{5A61838E-A4BA-44DA-BC8B-56362B06854B}.Release|x64.ActiveCfg = Release|x64
		{5A61838E-A4BA-44DA-BC8B-56362B06854B}.Release|x64.Build.0 = Release|x64
		{5A61838E-A4BA-44DA-BC8B-56362B06854B}.Release|x86.ActiveCfg = Release|Win32
		{5A61838E-A4BA-44DA-BC8B-56362B06854B}.Release|x86.Build.0 = Release|Win32
		{795E6118-FCF7-4966-A188-46027FCAB0B3}.Debug|x64.ActiveCfg = Debug|x64
		{795E6118-FCF7-4966-A188-46027FCAB0B3}.Debug|x64.Build.0 = Debug|x64
		{795E6118-FCF7-4966-A188-46027FCAB0B3}.Debug|x86.ActiveCfg = Debug|Win32
		{795E6118-FCF7-4966-A188-46027FCAB0B3}.Debug|x86.Build.0 = Debug|Win32
		{795E6118-FCF7-4966-A188-46027FCAB0B3}.Release|x64.ActiveCfg = Release|x64
		{795E6118-FCF7-4966-A188-46027FCAB0B3}.Release|x64.Build.0 = Release|x64
		{795E6118-FCF7-4966-A188-46027FCAB0B3}.Release|x86.ActiveCfg = Release|Win32
		{795E6118-FCF7-4966-A188-46027FCAB0B3}.Release|x86.Build.0 = Release|Win32
		{D3551B3B-B8F5-4096-856D-8FFB6A762CE1}.Debug|x64.ActiveCfg = Debug|x64
		{D3551B3B-B8F5-4096-856D-8FFB6A762CE1}.Debug|x64.Build.0 = Debug|x64
		{D3551B3B-B8F5-4096-856D-8FFB6A762CE1}.Debug|x86.ActiveCfg = Debug|Win32
		{D3551B3B-B8F5-4096-856D-8FFB6A762CE1}.Debug|x86.Build.0 = Debug|Win32
		{D3551B3B-B8F5-4096-856D-8FFB6A762CE1}.Release|x64.ActiveCfg = Release|x64
		{D3551B3B-B8F5-4096-856D-8FFB6A762CE1}.Release|x64.Build.0 = Release|x64
		{D3551B3B-B8F5-4096-856D-8FFB6A762CE1}.Release|x86.ActiveCfg = Release|Win32
		{D3551B3B-B8F5-4096-856D-8FFB6A762CE1}.Release|x86.Build.0 = Release|Win32
		{64C2782A-77A0-4D1B-9EEA-33CD2E6320DD}.Debug|x64.ActiveCfg = Debug|x64
		{64C2782A-77A0-4D1B-9EEA-33CD2E6320DD}.Debug|x64.Build.0 = Debug|x64
		{64C2782A-77A0-4D1B-9EEA-33CD2E6320DD}.Debug|x86.ActiveCfg = Debug|Win32
		{64C2782A-77A0-4D1B-9EEA-33CD2E6320DD}.Debug|x86.Build.0 = Debug|Win32
		{64C2782A-77A0-4D1B-9EEA-33CD2E6320DD}.Release|x64.ActiveCfg = Release|x64
		{64C2782A-77A0-4D1B-9EEA-33CD2E6320DD}.Release|x64.Build.0 = Release|x64
		{64C2782A-77A0-4D1B-9EEA-33CD2E6320DD}.Release|x86.ActiveCfg = Release|Win32
		{64C2782A-77A0-4D1B-9EEA-33CD2E6320DD}.Release|x86.Build.0 = Release|Win32
		{9ABC1C98-B27D-4777-9C31-24B1DF4F7648}.Debug|x64.ActiveCfg = Debug|x64
		{9ABC1C98-B27D-4777-9C31-24B1DF4F7648}.Debug|x64.Build.0 = Debug|x64
		{9ABC1C98-B27D-4777-9C31-24B1DF4F7648}.Debug|x86.ActiveCfg = Debug|Win32
		{9ABC1C98-B27D-4777-9C31-24B1DF4F7648}.Debug|x86.Build.0 = Debug|Win32
		{9ABC1C98-B27D-4777-9C31-24B1DF4F7648}.Release|x64.ActiveCfg = Release|x64
		{9ABC1C98-B27D-4777-9C31-24B1DF4F7648}.Release|x64.Build.0 = Release|x64
		{9ABC1C98-B27D-4777-9C31-24B1DF4F7648}.Release|x86.ActiveCfg = Release|Win32
		{9ABC1C98-B27D-4777-9C31-24B1DF4F7648}.Release|x86.Build.0 = Release|Win32
		{2CF145F0-C2BA-4AD4-B070-7F23DBF93560}.Debug|x64.ActiveCfg = Debug|x64
		{2CF145F0-C2BA-4AD4-B070-7F23DBF93560}.Debug|x64.Build.0 = Debug|x64
		{2CF145F0-C2BA-4AD4-B070-7F23DBF93560}.Debug|x86.ActiveCfg = Debug|Win32
		{2CF145F0-C2BA-4AD4-B070-7F23DBF93560}.Debug|x86.Build.0 = Debug|Win32
		{2CF145F0-C2BA-4AD4-B070-7F23DBF93560}.Release|x64.ActiveCfg = Release|x64
		{2CF145F0-C2BA-4AD4-B070-7F23DBF93560}.Release|x64.Build.0 = Release|x64
		{2CF145F0-C2BA-4AD4-B070-7F23DBF93560}.Release|x86.ActiveCfg = Release|Win32
		{2CF145F0-C2BA-4AD4-B070-7F23DBF93560}.Release|x86.Build.0 = Release|Win32
		{7500CD98-C2D0-4E04-B52D-89A3CE9816B4}.Debug|x64.ActiveCfg = Debug|x64
		{7500CD98-C2D0-4E04-B52D-89A3CE9816B4}.Debug|x64.Build.0 = Debug|x64
		{7500CD98-C2D0-4E04-B52D-89A3CE9816B4}.Debug|x86.ActiveCfg = Debug|Win32
		{7500CD98-C2D0-4E04-B52D-89A3CE9816B4}.Debug|x86.Build.0 = Debug|Win32
		{7500CD98-C2D0-4E04-B52D-89A3CE9816B4}.Release|x64.ActiveCfg = Release|x64
		{7500CD98-C2D0-4E04-B52D-89A3CE9816B4}.Release|x64.Build.0 = Release|x64
		{7500CD98-C2D0-4E04-B52D-89A3CE9816B4}.Release|x86.ActiveCfg = Release|Win32
		{7500CD98-C2D0-4E04-B52D-89A3CE9816B4}.Release|x86.Build.0 = Release|Win32
		{A3F1ED07-5471-4FCC-89A2-48C4EC81276E}.Debug|x64.ActiveCfg = Debug|x64
		{A3F1ED07-5471-4FCC-89A2-48C4EC81276E}.Debug|x64.Build.0 = Debug|x64
		{A3F1ED07-5471-4FCC-89A2-48C4EC81276E}.Debug|x86.ActiveCfg = Debug|Win32
		{A3F1ED07-5471-4FCC-89A2-48C4EC81276E}.Debug|x86.Build.0 = Debug|Win32
		{A3F1ED07-5471-4FCC-89A2-48C4EC81276E}.Release|x64.ActiveCfg = Release|x64
		{A3F1ED07-5471-4FCC-89A2-48C4EC81276E}.Release|x64.Build.0 = Release|x64
		{A3F1ED07-5471-4FCC-89A2-48C4EC81276E}.Release|x86.ActiveCfg = Release|Win32
		{A3F1ED07-5471-4FCC-89A2-48C4EC81276E}.Release|x86.Build.0 = Release|Win32
		{F8049639-E571-484A-AEC0-6164A06878A7}.Debug|x64.ActiveCfg = Debug|x64
		{F8049639-E571-484A-AEC0-6164A06878A7}.Debug|x64.Build.0 = Debug|x64
		{F8049639-E571-484A-AEC0-6164A06878A7}.Debug|x86.ActiveCfg = Debug|Win32
		{F8049639-E571-484A-AEC0-6164A06878A7}.Debug|x86.Build.0 = Debug|Win32
		{F8049639-E571-484A-AEC0-6164A06878A7}.Release|x64.ActiveCfg = Release|x64
		{F8049639-E571-484A-AEC0-6164A06878A7}.Release|x64.Build.0 = Release|x64
		{F8049639-E571-484A-AEC0-6164A06878A7}.Release|x86.ActiveCfg = Release|Win32
		{F8049639-E571-484A-AEC0-6164A06878A7}.Release|x86.Build.0 = Release|Win32
		{665D7AFB-3138-44C0-A149-D28B7101AA36}.Debug|x64.ActiveCfg = Debug|x64
		{665D7AFB-3138-44C0-A149-D28B7101AA36}.Debug|x64.Build.0 = Debug|x64
		{665D7AFB-3138-44C0-A149-D28B7101AA36}.Debug|x86.ActiveCfg = Debug|Win32
		{665D7AFB-3138-44C0-A149-D28B7101AA36}.Debug|x86.Build.0 = Debug|Win32
		{665D7AFB-3138-44C0-A149-D28B7101AA36}.Release|x64.ActiveCfg = Release|x64
		{665D7AFB-3138-44C0-A149-D28B7101AA36}.Release|x64.Build.0 = Release|x64
		{665D7AFB-3138-44C0-A149-D28B7101AA36}.Release|x86.ActiveCfg = Release|Win32
		{665D7AFB-3138-44C0-A149-D28B7101AA36}.Release|x86.Build.0 = Release|Win32
		{1BFBC584-8300-47F3-BA8B-1B5A25E9945B}.Debug|x64.ActiveCfg = Debug|x64
		{1BFBC584-8300-47F3-BA8B-1B5A25E9945B}.Debug|x64.Build.0 = Debug|x64
		{1BFBC584-8300-47F3-BA8B-1B5A25E9945B}.Debug|x86.ActiveCfg = Debug|Win32
		{1BFBC584-8300-47F3-BA8B-1B5A25E9945B}.Debug|x86.Build.0 = Debug|Win32
		{1BFBC584-8300-47F3-BA8B-1B5A25E9945B}.Release|x64.ActiveCfg = Release|x64
		{1BFBC584-8300-47F3-BA8B-1B5A25E9945B}.Release|x64.Build.0 = Release|x64
		{1BFBC584-8300-47F3-BA8B-1B5A25E9945B}.Release|x86.ActiveCfg = Release|Win32
		{1BFBC584-8300-47F3-BA8B-1B5A25E9945B}.Release|x86.Build.0 = Release|Win32
		{1C077893-02DC-4657-AC7B-A7A7C3D52A99}.Debug|x64.ActiveCfg = Debug|x64
		{1C077893-02DC-4657-AC7B-A7A7C3D52A99}.Debug|x64.Build.0 = Debug|x64
		{1C077893-02DC-4657-AC7B-A7A7C3D52A99}.Debug|x86.ActiveCfg = Debug|Win32
		{1C077893-02DC-4657-AC7B-A7A7C3D52A99}.Debug|x86.Build.0 = Debug|Win32
		{1C077893-02DC-4657-AC7B-A7A7C3D52A99}.Release|x64.ActiveCfg = Release|x64
		{1C077893-02DC-4657-AC7B-A7A7C3D52A99}.Release|x64.Build.0 = Release|x64
		{1C077893-02DC-4657-AC7B-A7A7C3D52A99}.Release|x86.ActiveCfg = Release|Win32
		{1C077893-02DC-4657-AC7B-A7A7C3D52A99}.Release|x86.Build.0 = Release|Win32
		{40D1224B-139A-4202-8499-EF200FFB851F}.Debug|x64.ActiveCfg = Debug|x64
		{40D1224B-139A-4202-8499-EF200FFB851F}.Debug|x64.Build.0 = Debug|x64
		{40D1224B-139A-4202-8499-EF200FFB851F}.Debug|x86.ActiveCfg = Debug|Win32
		{40D1224B-139A-4202-8499-EF200FFB851F}.Debug|x86.Build.0 = Debug|Win32
		{40D1224B-139A-4202-8499-EF200FFB851F}.Release|x64.ActiveCfg = Release|x64
		{40D1224B-139A-4202-8499-EF200FFB851F}.Release|x64.Build.0 = Release|x64
		{40D1224B-139A-4202-8499-EF200FFB851F}.Release|x86.ActiveCfg = Release|Win32
		{40D1224B-139A-4202-8499-EF200FFB851F}.Release|x86.Build.0 = Release|Win32
		{1E71EAE3-568A-49A2-AC41-63F3BA0DE6F6}.Debug|x64.ActiveCfg = Debug|x64
		{1E71EAE3-568A-49A2-AC41-63F3BA0DE6F6}.Debug|x64.Build.0 = Debug|x64
		{1E71EAE3-568A-49A2-AC41-63F3BA0DE6F6}.Debug|x86.ActiveCfg = Debug|Win32
		{1E71EAE3-568A-49A2-AC41-63F3BA0DE6F6}.Debug|x86.Build.0 = Debug|Win32
		{1E71EAE3-568A-49A2-AC41-63F3BA0DE6F6}.Release|x64.ActiveCfg = Release|x64
		{1E71EAE3-568A-49A2-AC41-63F3BA0DE6F6}.Release|x64.Build.0 = Release|x64
		{1E71EAE3-568A-49A2-AC41-63F3BA0DE6F6}.Release|x86.ActiveCfg = Release|Win32
		{1E71EAE3-568A-49A2-AC41-63F3BA0DE6F6}.Release|x86.Build.0 = Release|Win32
		{F4CBD761-C4E9-4C0C-94CE-F8E64465DAB5}.Debug|x64.ActiveCfg = Debug|x64
		{F4CBD761-C4E9-4C0C-94CE-F8E64465DAB5}.Debug|x64.Build.0 = Debug|x64
		{F4CBD761-C4E9-4C0C-94CE-F8E64465DAB5}.Debug|x86.ActiveCfg = Debug|Win32
		{F4CBD761-C4E9-4C0C-94CE-F8E64465DAB5}.Debug|x86.Build.0 = Debug|Win32
		{F4CBD761-C4E9-4C0C-94CE-F8E64465DAB5}.Release|x64.ActiveCfg = Release|x64
		{F4CBD761-C4E9-4C0C-94CE-F8E64465DAB5}.Release|x64.Build.0 = Release|x64
		{F4CBD761-C4E9-4C0C-94CE-F8E64465DAB5}.Release|x86.ActiveCfg = Release|Win32
		{F4CBD761-C4E9-4C0C-94CE-F8E64465DAB5}.Release|x86.Build.0 = Release|Win32
		{27DA80F3-C00E-409B-80A0-E13C03DF028A}.Debug|x64.ActiveCfg = Debug|x64
		{27DA80F3-C00E-409B-80A0-E13C03DF028A}.Debug|x64.Build.0 = Debug|x64
		{27DA80F3-C00E-409B-80A0-E13C03DF028A}.Debug|x86.ActiveCfg = Debug|Win32
		{27DA80F3-C00E-409B-80A0-E13C03DF028A}.Debug|x86.Build.0 = Debug|Win32
		{27DA80F3-C00E-409B-80A0-E13C03DF028A}.Release|x64.ActiveCfg = Release|x64
		{27DA80F3-C00E-409B-80A0-E13C03DF028A}.Release|x64.Build.0 = Release|x64
		{27DA80F3-C00E-409B-80A0-E13C03DF028A}.Release|x86.ActiveCfg = Release|Win32
		{27DA80F3-C00E-409B-80A0-E13C03DF028A}.Release|x86.Build.0 = Release|Win32
		{8EBDF611-6E5B-4F66-AA18-B40A70036FC4}.Debug|x64.ActiveCfg = Debug|x64
		{8EBDF611-6E5B-4F66-AA18-B40A70036FC4}.Debug|x64.Build.0 = Debug|x64
		{8EBDF611-6E5B-4F66-AA18-B40A70036FC4}.Debug|x86.ActiveCfg = Debug|Win32
		{8EBDF611-6E5B-4F66-AA18-B40A70036FC4}.Debug|x86.Build.0 = Debug|Win32
		{8EBDF611-6E5B-4F66-AA18-B40A70036FC4}.Release|x64.ActiveCfg = Release|x64
		{8EBDF611-6E5B-4F66-AA18-B40A70036FC4}.Release|x64.Build.0 = Release|x64
		{8EBDF611-6E5B-4F66-AA18-B40A70036FC4}.Release|x86.ActiveCfg = Release|Win32
		{8EBDF611-6E5B-4F66-AA18-B40A70036FC4}.Release|x86.Build.0 = Release|Win32
		{3687636A-3A29-4C4D-89E2-6127EE9B2BEF}.Debug|x64.ActiveCfg = Debug|x64
		{3687636A-3A29-4C4D-89E2-6127EE9B2BEF}.Debug|x64.Build.0 = Debug|x64
		{3687636A-3A29-4C4D-89E2-6127EE9B2BEF}.Debug|x86.ActiveCfg = Debug|Win32
		{3687636A-3A29-4C4D-89E2-6127EE9B2BEF}.Debug|x86.Build.0 = Debug|Win32
		{3687636A-3A29-4C4D-89E2-6127EE9B2BEF}.Release|x64.ActiveCfg = Release|x64
		{3687636A-3A29-4C4D-89E2-6127EE9B2BEF}.Release|x64.Build.0 = Release|x64
		{3687636A-3A29-4C4D-89E2-6127EE9B2BEF}.Release|x86.ActiveCfg = Release|Win32
		{3687636A-3A29-4C4D-89E2-6127EE9B2BEF}.Release|x86.Build.0 = Release|Win32
		{D8B250F2-75D2-4A92-8068-6575F1571C4E}.Debug|x64.ActiveCfg = Debug|x64
		{D8B250F2-75D2-4A92-8068-6575F1571C4E}.Debug|x64.Build.0 = Debug|x64
		{D8B250F2-75D2-4A92-8068-6575F1571C4E}.Debug|x86.ActiveCfg = Debug|Win32
		{D8B250F2-75D2-4A92-8068-6575F1571C4E}.Debug|x86.Build.0 = Debug|Win32
		{D8B250F2-75D2-4A92-8068-6575F1571C4E}.Release|x64.ActiveCfg = Release|x64
		{D8B250F2-75D2-4A92-8068-6575F1571C4E}.Release|x64.Build.0 = Release|x64
		{D8B250F2-75D2-4A92-8068-6575F1571C4E}.Release|x86.ActiveCfg = Release|Win32
		{D8B250F2-75D2-4A92-8068-6575F1571C4E}.Release|x86.Build.0 = Release|Win32
		{763DDBD1-4AE8-4426-B02D-BAC37CBF3EBE}.Debug|x64.ActiveCfg = Debug|x64
		{763DDBD1-4AE8-4426-B02D-BAC37CBF3EBE}.Debug|x64.Build.0 = Debug|x64
		{763DDBD1-4AE8-4426-B02D-BAC37CBF3EBE}.Debug|x86.ActiveCfg = Debug|Win32
		{763DDBD1-4AE8-4426-B02D-BAC37CBF3EBE}.Debug|x86.Build.0 = Debug|Win32
		{763DDBD1-4AE8-4426-B02D-BAC37CBF3EBE}.Release|x64.ActiveCfg = Release|x64
		{763DDBD1-4AE8-4426-B02D-BAC37CBF3EBE}.Release|x64.Build.0 = Release|x64
		{763DDBD1-4AE8-4426-B02D-BAC37CBF3EBE}.Release|x86.ActiveCfg = Release|Win32
		{763DDBD1-4AE8-4426-B02D-BAC37CBF3EBE}.Release|x86.Build.0 = Release|Win32
		{D6124DE4-2106-4F07-85DF-E55C6E5590F1}.Debug|x64.ActiveCfg = Debug|x64
		{D6124DE4-2106-4F07-85DF-E55C6E5590F1}.Debug|x64.Build.0 = Debug|x64
		{D6124DE4-2106-4F07-85DF-E55C6E5590F1}.Debug|x86.ActiveCfg = Debug|Win32
		{D6124DE4-2106-4F07-85DF-E55C6E5590F1}.Debug|x86.Build.0 = Debug|Win32
		{D6124DE4-2106-4F07-85DF-E55C6E5590F1}.Release|x64.ActiveCfg = Release|x64
		{D6124DE4-2106-4F07-85DF-E55C6E5590F1}.Release|x64.Build.0 = Release|x64
		{D6124DE4-2106-4F07-85DF-E55C6E5590F1}.Release|x86.ActiveCfg = Release|Win32
		{D6124DE4-2106-4F07-85DF-E55C6E5590F1}.Release|x86.Build.0 = Release|Win32
		{055AA97E-9788-4004-84F9-DB987F565C0E}.Debug|x64.ActiveCfg = Debug|x64
		{055AA97E-9788-4004-84F9-DB987F565C0E}.Debug|x64.Build.0 = Debug|x64
		{055AA97E-9788-4004-84F9-DB987F565C0E}.Debug|x86.ActiveCfg = Debug|Win32
		{055AA97E-9788-4004-84F9-DB987F565C0E}.Debug|x86.Build.0 = Debug|Win32
		{055AA97E-9788-4004-84F9-DB987F565C0E}.Release|x64.ActiveCfg = Release|x64
		{055AA97E-9788-4004-84F9-DB987F565C0E}.Release|x64.Build.0 = Release|x64
		{055AA97E-9788-4004-84F9-DB987F565C0E}.Release|x86.ActiveCfg = Release|Win32
		{055AA97E-9788-4004-84F9-DB987F565C0E}.Release|x86.Build.0 = Release|Win32
		{15F0A74B-E044-4C85-AB62-1ADD37B77DB4}.Debug|x64.ActiveCfg = Debug|x64
		{15F0A74B-E044-4C85-AB62-1ADD37B77DB4}.Debug|x64.Build.0 = Debug|x64
		{15F0A74B-E044-4C85-AB62-1ADD37B77DB4}.Debug|x86.ActiveCfg = Debug|Win32
		{15F0A74B-E044-4C85-AB62-1ADD37B77DB4}.Debug|x86.Build.0 = Debug|Win32
		{15F0A74B-E044-4C85-AB62-1ADD37B77DB4}.Release|x64.ActiveCfg = Release|x64
		{15F0A74B-E044-4C85-AB62-1ADD37B77DB4}.Release|x64.Build.0 = Release|x64
		{15F0A74B-E044-4C85-AB62-1ADD37B77DB4}.Release|x86.ActiveCfg = Release|Win32
		{15F0A74B-E044-4C85-AB62-1ADD37B77DB4}.Release|x86.Build.0 = Release|Win32
		{34EC6255-ADBC-4CDF-9FDD-1634BF2A32F5}.Debug|x64.ActiveCfg = Debug|x64
		{34EC6255-ADBC-4CDF-9FDD-1634BF2A32F5}.Debug|x64.Build.0 = Debug|x64
		{34EC6255-ADBC-4CDF-9FDD-1634BF2A32F5}.Debug|x86.ActiveCfg = Debug|Win32
		{34EC6255-ADBC-4CDF-9FDD-1634BF2A32F5}.Debug|x86.Build.0 = Debug|Win32
		{34EC6255-ADBC-4CDF-9FDD-1634BF2A32F5}.Release|x64.ActiveCfg = Release|x64
		{34EC6255-ADBC-4CDF-9FDD-1634BF2A32F5}.Release|x64.Build.0 = Release|x64
		{34EC6255-ADBC-4CDF-9FDD-1634BF2A32F5}.Release|x86.ActiveCfg = Release|Win32
		{34EC6255-ADBC-4CDF-9FDD-1634BF2A32F5}.Release|x86.Build.0 = Release|Win32
		{6B5424D7-6D2D-401A-B003-B02988D485B8}.Debug|x64.ActiveCfg = Debug|x64
		{6B5424D7-6D2D-401A-B003-B02988D485B8}.Debug|x64.Build.0 = Debug|x64
		{6B5424D7-6D2D-401A-B003-B02988D485B8}.Debug|x86.ActiveCfg = Debug|Win32
		{6B5424D7-6D2D-401A-B003-B02988D485B8}.Debug|x86.Build.0 = Debug|Win32
		{6B5424D7-6D2D-401A-B003-B02988D485B8}.Release|x64.ActiveCfg = Release|x64
		{6B5424D7-6D2D-401A-B003-B02988D485B8}.Release|x64.Build.0 = Release|x64
		{6B5424D7-6D2D-401A-B003-B02988D485B8}.Release|x86.ActiveCfg = Release|Win32
		{6B5424D7-6D2D-401A-B003-B02988D485B8}.Release|x86.Build.0 = Release|Win32
		{A7082DDB-D6F3-4770-82A3-F79188730C35}.Debug|x64.ActiveCfg = Debug|x64
		{A7082DDB-D6F3-4770-82A3-F79188730C35}.Debug|x64.Build.0 = Debug|x64
		{A7082DDB-D6F3-4770-82A3-F79188730C35}.Debug|x86.ActiveCfg = Debug|Win32
		{A7082DDB-D6F3-4770-82A3-F79188730C35}.Debug|x86.Build.0 = Debug|Win32
		{A7082DDB-D6F3-4770-82A3-F79188730C35}.Release|x64.ActiveCfg = Release|x64
		{A7082DDB-D6F3-4770-82A3-F79188730C35}.Release|x64.Build.0 = Release|x64
		{A7082DDB-D6F3-4770-82A3-F79188730C35}.Release|x86.ActiveCfg = Release|Win32
		{A7082DDB-D6F3-4770-82A3-F79188730C35}.Release|x86.Build.0 = Release|Win32
		{4800E9D7-EECE-4226-B601-34F389A44447}.Debug|x64.ActiveCfg = Debug|x64
		{4800E9D7-EECE-4226-B601-34F389A44447}.Debug|x64.Build.0 = Debug|x64
		{4800E9D7-EECE-4226-B601-34F389A44447}.Debug|x86.ActiveCfg = Debug|Win32
		{4800E9D7-EECE-4226-B601-34F389A44447}.Debug|x86.Build.0 = Debug|Win32
		{4800E9D7-EECE-4226-B601-34F389A44447}.Release|x64.ActiveCfg = Release|x64
		{4800E9D7-EECE-4226-B601-34F389A44447}.Release|x64.Build.0 = Release|x64
		{4800E9D7-EECE-4226-B601-34F389A44447}.Release|x86.ActiveCfg = Release|Win32
		{4800E9D7-EECE-4226-B601-34F389A44447}.Release|x86.Build.0 = Release|Win32
		{B432768F-5E2D-489C-979A-0ED794EFDA2D}.Debug|x64.ActiveCfg = Debug|x64
		{B432768F-5E2D-489C-979A-0ED794EFDA2D}.Debug|x64.Build.0 = Debug|x64
		{B432768F-5E2D-489C-979A-0ED794EFDA2D}.Debug|x86.ActiveCfg = Debug|Win32
		{B432768F-5E2D-489C-979A-0ED794EFDA2D}.Debug|x86.Build.0 = Debug|Win32
		{B432768F-5E2D-489C-979A-0ED794EFDA2D}.Release|x64.ActiveCfg = Release|x64
		{B432768F-5E2D-489C-979A-0ED794EFDA2D}.Release|x64.Build.0 = Release|x64
		{B432768F-5E2D-489C-979A-0ED794EFDA2D}.Release|x86.ActiveCfg = Release|Win32
		{B432768F-5E2D-489C-979A-0ED794EFDA2D}.Release|x86.Build.0 = Release|Win32
	EndGlobalSection
	GlobalSection(SolutionProperties) = preSolution
		HideSolutionNode = FALSE
	EndGlobalSection
	GlobalSection(ExtensibilityGlobals) = postSolution
		SolutionGuid = {557456A8-C28A-454E-8BE7-D8F108D89EAA}
	EndGlobalSection
EndGlobal
